# THIS IS AN AUTOGENERATED FILE. DO NOT EDIT THIS FILE DIRECTLY.
# yarn lockfile v1


"@ctrl/tinycolor@^3.5.0":
  version "3.6.0"
  resolved "https://registry.yarnpkg.com/@ctrl/tinycolor/-/tinycolor-3.6.0.tgz#53fa5fe9c34faee89469e48f91d51a3766108bc8"
  integrity sha512-/Z3l6pXthq0JvMYdUFyX9j0MaCltlIn6mfh9jLyQwg5aPKxkyNa0PTHtU1AlFXLNk55ZuAeJRcpvq+tmLfKmaQ==

"@floating-ui/core@^1.2.1":
  version "1.2.1"
  resolved "https://registry.yarnpkg.com/@floating-ui/core/-/core-1.2.1.tgz#074182a1d277f94569c50a6b456e62585d463c8e"
  integrity sha512-LSqwPZkK3rYfD7GKoIeExXOyYx6Q1O4iqZWwIehDNuv3Dv425FIAE8PRwtAx1imEolFTHgBEcoFHm9MDnYgPCg==

"@floating-ui/dom@^1.2.1":
  version "1.2.1"
  resolved "https://registry.yarnpkg.com/@floating-ui/dom/-/dom-1.2.1.tgz#8f93906e1a3b9f606ce78afb058e874344dcbe07"
  integrity sha512-Rt45SmRiV8eU+xXSB9t0uMYiQ/ZWGE/jumse2o3i5RGlyvcbqOF4q+1qBnzLE2kZ5JGhq0iMkcGXUKbFe7MpTA==
  dependencies:
    "@floating-ui/core" "^1.2.1"

"@lit-labs/react@^2.0.1":
  version "2.0.2"
  resolved "https://registry.yarnpkg.com/@lit-labs/react/-/react-2.0.2.tgz#9c63538fe3f72ac1aa3c9cf1522a0d04c2b76f37"
  integrity sha512-bRr0uVaLzVMv/r6bNui91rwsY3UuOYDef5wCvfABQ3ipVtArz8TbH2k4Cn8UgLG/9IXO7IhAYt5xwMHaljxCAg==

"@lit-labs/ssr-dom-shim@^1.0.0":
  version "1.0.0"
  resolved "https://registry.yarnpkg.com/@lit-labs/ssr-dom-shim/-/ssr-dom-shim-1.0.0.tgz#427e19a2765681fd83411cd72c55ba80a01e0523"
  integrity sha512-ic93MBXfApIFTrup4a70M/+ddD8xdt2zxxj9sRwHQzhS9ag/syqkD8JPdTXsc1gUy2K8TTirhlCqyTEM/sifNw==

"@lit-labs/ssr-dom-shim@^1.1.0":
  version "1.1.1"
  resolved "https://registry.yarnpkg.com/@lit-labs/ssr-dom-shim/-/ssr-dom-shim-1.1.1.tgz#64df34e2f12e68e78ac57e571d25ec07fa460ca9"
  integrity sha512-kXOeFbfCm4fFf2A3WwVEeQj55tMZa8c8/f9AKHMobQMkzNUfUj+antR3fRPaZJawsa1aZiP/Da3ndpZrwEe4rQ==

"@lit/reactive-element@^1.3.0", "@lit/reactive-element@^1.6.0":
  version "1.6.1"
  resolved "https://registry.yarnpkg.com/@lit/reactive-element/-/reactive-element-1.6.1.tgz#0d958b6d479d0e3db5fc1132ecc4fa84be3f0b93"
  integrity sha512-va15kYZr7KZNNPZdxONGQzpUr+4sxVu7V/VG7a8mRfPPXUyhEYj5RzXCQmGrlP3tAh0L3HHm5AjBMFYRqlM9SA==
  dependencies:
    "@lit-labs/ssr-dom-shim" "^1.0.0"

"@shoelace-style/animations@^1.1.0":
  version "1.1.0"
  resolved "https://registry.yarnpkg.com/@shoelace-style/animations/-/animations-1.1.0.tgz#17539abafd6dcbf2a79e089e1593175e9f7835b5"
  integrity sha512-Be+cahtZyI2dPKRm8EZSx3YJQ+jLvEcn3xzRP7tM4tqBnvd/eW/64Xh0iOf0t2w5P8iJKfdBbpVNE9naCaOf2g==

"@shoelace-style/localize@^3.1.1":
  version "3.1.1"
  resolved "https://registry.yarnpkg.com/@shoelace-style/localize/-/localize-3.1.1.tgz#f5b96e35a9a8709aa46d1aaa2359069c0db71534"
  integrity sha512-NkM/hj3Js6yXCU9WxhsyxRUdyqUUUl/BSvIluUMptQteUWGOJaoyP1iMbOMqO544DYMzBfnoCw66ZHkGuTdKgA==

"@shoelace-style/shoelace@^2.8.0":
  version "2.8.0"
  resolved "https://registry.yarnpkg.com/@shoelace-style/shoelace/-/shoelace-2.8.0.tgz#995377abcff7d055c0c07dab63d97460453546ad"
  integrity sha512-WigVUaW+MptefOW4zUlZaq+zn0n2hP+I4/mztoeJii5u3ex1CGexfQGcdw2gx6d7P7LAa6/NW0TlgAELzJQnCA==
  dependencies:
    "@ctrl/tinycolor" "^3.5.0"
    "@floating-ui/dom" "^1.2.1"
    "@lit-labs/react" "^2.0.1"
    "@shoelace-style/animations" "^1.1.0"
    "@shoelace-style/localize" "^3.1.1"
    composed-offset-position "^0.0.4"
    lit "^2.7.5"
    qr-creator "^1.0.0"

"@types/trusted-types@^2.0.2":
  version "2.0.3"
  resolved "https://registry.yarnpkg.com/@types/trusted-types/-/trusted-types-2.0.3.tgz#a136f83b0758698df454e328759dbd3d44555311"
  integrity sha512-NfQ4gyz38SL8sDNrSixxU2Os1a5xcdFxipAFxYEuLUlvU2uDwS4NUpsImcf1//SlWItCVMMLiylsxbmNMToV/g==

composed-offset-position@^0.0.4:
  version "0.0.4"
  resolved "https://registry.yarnpkg.com/composed-offset-position/-/composed-offset-position-0.0.4.tgz#ca8854abf15e3c235ecf4df125a27fe88af76ea4"
  integrity sha512-vMlvu1RuNegVE0YsCDSV/X4X10j56mq7PCIyOKK74FxkXzGLwhOUmdkJLSdOBOMwWycobGUMgft2lp+YgTe8hw==

lit-element@^3.3.0:
  version "3.3.3"
  resolved "https://registry.yarnpkg.com/lit-element/-/lit-element-3.3.3.tgz#10bc19702b96ef5416cf7a70177255bfb17b3209"
  integrity sha512-XbeRxmTHubXENkV4h8RIPyr8lXc+Ff28rkcQzw3G6up2xg5E8Zu1IgOWIwBLEQsu3cOVFqdYwiVi0hv0SlpqUA==
  dependencies:
    "@lit-labs/ssr-dom-shim" "^1.1.0"
    "@lit/reactive-element" "^1.3.0"
    lit-html "^2.8.0"

lit-html@^2.8.0:
  version "2.8.0"
  resolved "https://registry.yarnpkg.com/lit-html/-/lit-html-2.8.0.tgz#96456a4bb4ee717b9a7d2f94562a16509d39bffa"
  integrity sha512-o9t+MQM3P4y7M7yNzqAyjp7z+mQGa4NS4CxiyLqFPyFWyc4O+nodLrkrxSaCTrla6M5YOLaT3RpbbqjszB5g3Q==
  dependencies:
    "@types/trusted-types" "^2.0.2"

lit@^2.7.5:
  version "2.8.0"
  resolved "https://registry.yarnpkg.com/lit/-/lit-2.8.0.tgz#4d838ae03059bf9cafa06e5c61d8acc0081e974e"
  integrity sha512-4Sc3OFX9QHOJaHbmTMk28SYgVxLN3ePDjg7hofEft2zWlehFL3LiAuapWc4U/kYwMYJSh2hTCPZ6/LIC7ii0MA==
  dependencies:
    "@lit/reactive-element" "^1.6.0"
    lit-element "^3.3.0"
    lit-html "^2.8.0"

qr-creator@^1.0.0:
  version "1.0.0"
  resolved "https://registry.yarnpkg.com/qr-creator/-/qr-creator-1.0.0.tgz#f350a8f0b5be02bd1fc1ef133a038a06ef8bc5ef"
  integrity sha512-C0cqfbS1P5hfqN4NhsYsUXePlk9BO+a45bAQ3xLYjBL3bOIFzoVEjs79Fado9u9BPBD3buHi3+vY+C8tHh4qMQ==
