# THIS IS AN AUTOGENERATED FILE. DO NOT EDIT THIS FILE DIRECTLY.
# yarn lockfile v1


"@ctrl/tinycolor@^4.0.2":
  version "4.0.2"
  resolved "https://registry.yarnpkg.com/@ctrl/tinycolor/-/tinycolor-4.0.2.tgz#7665b09c0163722ffc20ee885eb9a8ff80d9ebde"
  integrity sha512-fKQinXE9pJ83J1n+C3rDl2xNLJwfoYNvXLRy5cYZA9hBJJw2q+sbb/AOSNKmLxnTWyNTmy4994dueSwP4opi5g==

"@floating-ui/core@^1.4.2":
  version "1.5.0"
  resolved "https://registry.yarnpkg.com/@floating-ui/core/-/core-1.5.0.tgz#5c05c60d5ae2d05101c3021c1a2a350ddc027f8c"
  integrity sha512-kK1h4m36DQ0UHGj5Ah4db7R0rHemTqqO0QLvUqi1/mUUp3LuAWbWxdxSIf/XsnH9VS6rRVPLJCncjRzUvyCLXg==
  dependencies:
    "@floating-ui/utils" "^0.1.3"

"@floating-ui/dom@^1.5.3":
  version "1.5.3"
  resolved "https://registry.yarnpkg.com/@floating-ui/dom/-/dom-1.5.3.tgz#54e50efcb432c06c23cd33de2b575102005436fa"
  integrity sha512-ClAbQnEqJAKCJOEbbLo5IUlZHkNszqhuxS4fHAVxRPXPya6Ysf2G8KypnYcOTpx6I8xcgF9bbHb6g/2KpbV8qA==
  dependencies:
    "@floating-ui/core" "^1.4.2"
    "@floating-ui/utils" "^0.1.3"

"@floating-ui/utils@^0.1.3":
  version "0.1.6"
  resolved "https://registry.yarnpkg.com/@floating-ui/utils/-/utils-0.1.6.tgz#22958c042e10b67463997bd6ea7115fe28cbcaf9"
  integrity sha512-OfX7E2oUDYxtBvsuS4e/jSn4Q9Qb6DzgeYtsAdkPZ47znpoNsMgZw0+tVijiv3uGNR6dgNlty6r9rzIzHjtd/A==

"@lit-labs/ssr-dom-shim@^1.1.2-pre.0":
  version "1.1.2"
  resolved "https://registry.yarnpkg.com/@lit-labs/ssr-dom-shim/-/ssr-dom-shim-1.1.2.tgz#d693d972974a354034454ec1317eb6afd0b00312"
  integrity sha512-jnOD+/+dSrfTWYfSXBXlo5l5f0q1UuJo3tkbMDCYA2lKUYq79jaxqtGEvnRoh049nt1vdo1+45RinipU6FGY2g==

"@lit/react@^1.0.0":
  version "1.0.0"
  resolved "https://registry.yarnpkg.com/@lit/react/-/react-1.0.0.tgz#1f5fc9b8d88cf6e7152653c7d67aa40456c095e6"
  integrity sha512-uTuU6vpxtZvCWxcu3GNosckP2JpFWZpMKjhwQ42Bzu/OU9kjStJspA04o7RadecQfx0YiFIImX3qek15BXhaWQ==

"@lit/reactive-element@^2.0.0":
  version "2.0.0"
  resolved "https://registry.yarnpkg.com/@lit/reactive-element/-/reactive-element-2.0.0.tgz#da14a256ac5533873b935840f306d572bac4a2ab"
  integrity sha512-wn+2+uDcs62ROBmVAwssO4x5xue/uKD3MGGZOXL2sMxReTRIT0JXKyMXeu7gh0aJ4IJNEIG/3aOnUaQvM7BMzQ==
  dependencies:
    "@lit-labs/ssr-dom-shim" "^1.1.2-pre.0"

"@shoelace-style/animations@^1.1.0":
  version "1.1.0"
  resolved "https://registry.yarnpkg.com/@shoelace-style/animations/-/animations-1.1.0.tgz#17539abafd6dcbf2a79e089e1593175e9f7835b5"
  integrity sha512-Be+cahtZyI2dPKRm8EZSx3YJQ+jLvEcn3xzRP7tM4tqBnvd/eW/64Xh0iOf0t2w5P8iJKfdBbpVNE9naCaOf2g==

"@shoelace-style/localize@^3.1.2":
  version "3.1.2"
  resolved "https://registry.yarnpkg.com/@shoelace-style/localize/-/localize-3.1.2.tgz#2c63f16d8aa80842dbe5127845c76ed53f6a5e8e"
  integrity sha512-Hf45HeO+vdQblabpyZOTxJ4ZeZsmIUYXXPmoYrrR4OJ5OKxL+bhMz5mK8JXgl7HsoEowfz7+e248UGi861de9Q==

"@shoelace-style/shoelace@^2.11.0":
  version "2.11.0"
  resolved "https://registry.yarnpkg.com/@shoelace-style/shoelace/-/shoelace-2.11.0.tgz#adb5a0df744bb5ff3187957419eb6ffd31bcb7a4"
  integrity sha512-qSwiQTF8TRahlWBWYMOiZJAqYkG3g5Hil1COfqwQKfvGXEUmflPbRiXRDBG0F6clLYN6yYn7sqZ7kv11kw2Y/Q==
  dependencies:
    "@ctrl/tinycolor" "^4.0.2"
    "@floating-ui/dom" "^1.5.3"
    "@lit/react" "^1.0.0"
    "@shoelace-style/animations" "^1.1.0"
    "@shoelace-style/localize" "^3.1.2"
    composed-offset-position "^0.0.4"
    lit "^3.0.0"
    qr-creator "^1.0.0"

"@types/trusted-types@^2.0.2":
  version "2.0.3"
  resolved "https://registry.yarnpkg.com/@types/trusted-types/-/trusted-types-2.0.3.tgz#a136f83b0758698df454e328759dbd3d44555311"
  integrity sha512-NfQ4gyz38SL8sDNrSixxU2Os1a5xcdFxipAFxYEuLUlvU2uDwS4NUpsImcf1//SlWItCVMMLiylsxbmNMToV/g==

composed-offset-position@^0.0.4:
  version "0.0.4"
  resolved "https://registry.yarnpkg.com/composed-offset-position/-/composed-offset-position-0.0.4.tgz#ca8854abf15e3c235ecf4df125a27fe88af76ea4"
  integrity sha512-vMlvu1RuNegVE0YsCDSV/X4X10j56mq7PCIyOKK74FxkXzGLwhOUmdkJLSdOBOMwWycobGUMgft2lp+YgTe8hw==

lit-element@^4.0.0:
  version "4.0.0"
  resolved "https://registry.yarnpkg.com/lit-element/-/lit-element-4.0.0.tgz#8343891bc9159a5fcb7f534914b37f2c0161e036"
  integrity sha512-N6+f7XgusURHl69DUZU6sTBGlIN+9Ixfs3ykkNDfgfTkDYGGOWwHAYBhDqVswnFGyWgQYR2KiSpu4J76Kccs/A==
  dependencies:
    "@lit-labs/ssr-dom-shim" "^1.1.2-pre.0"
    "@lit/reactive-element" "^2.0.0"
    lit-html "^3.0.0"

lit-html@^3.0.0:
  version "3.0.0"
  resolved "https://registry.yarnpkg.com/lit-html/-/lit-html-3.0.0.tgz#77d6776ee488642c74c5575315ef81aa09d24ea9"
  integrity sha512-DNJIE8dNY0dQF2Gs0sdMNUppMQT2/CvV4OVnSdg7BXAsGqkVwsE5bqQ04POfkYH5dBIuGnJYdFz5fYYyNnOxiA==
  dependencies:
    "@types/trusted-types" "^2.0.2"

lit@^3.0.0:
  version "3.0.0"
  resolved "https://registry.yarnpkg.com/lit/-/lit-3.0.0.tgz#204bd65935892a73670471e893ee8ca55d2f9a3b"
  integrity sha512-nQ0teRzU1Kdj++VdmttS2WvIen8M79wChJ6guRKIIym2M3Ansg3Adj9O6yuQh2IpjxiUXlNuS81WKlQ4iL3BmA==
  dependencies:
    "@lit/reactive-element" "^2.0.0"
    lit-element "^4.0.0"
    lit-html "^3.0.0"

qr-creator@^1.0.0:
  version "1.0.0"
  resolved "https://registry.yarnpkg.com/qr-creator/-/qr-creator-1.0.0.tgz#f350a8f0b5be02bd1fc1ef133a038a06ef8bc5ef"
  integrity sha512-C0cqfbS1P5hfqN4NhsYsUXePlk9BO+a45bAQ3xLYjBL3bOIFzoVEjs79Fado9u9BPBD3buHi3+vY+C8tHh4qMQ==
