# THIS IS AN AUTOGENERATED FILE. DO NOT EDIT THIS FILE DIRECTLY.
# yarn lockfile v1


"@ctrl/tinycolor@^3.5.0":
  version "3.6.0"
  resolved "https://registry.yarnpkg.com/@ctrl/tinycolor/-/tinycolor-3.6.0.tgz#53fa5fe9c34faee89469e48f91d51a3766108bc8"
  integrity sha512-/Z3l6pXthq0JvMYdUFyX9j0MaCltlIn6mfh9jLyQwg5aPKxkyNa0PTHtU1AlFXLNk55ZuAeJRcpvq+tmLfKmaQ==

"@floating-ui/core@^1.2.1":
  version "1.2.1"
  resolved "https://registry.yarnpkg.com/@floating-ui/core/-/core-1.2.1.tgz#074182a1d277f94569c50a6b456e62585d463c8e"
  integrity sha512-LSqwPZkK3rYfD7GKoIeExXOyYx6Q1O4iqZWwIehDNuv3Dv425FIAE8PRwtAx1imEolFTHgBEcoFHm9MDnYgPCg==

"@floating-ui/dom@^1.2.1":
  version "1.2.1"
  resolved "https://registry.yarnpkg.com/@floating-ui/dom/-/dom-1.2.1.tgz#8f93906e1a3b9f606ce78afb058e874344dcbe07"
  integrity sha512-Rt45SmRiV8eU+xXSB9t0uMYiQ/ZWGE/jumse2o3i5RGlyvcbqOF4q+1qBnzLE2kZ5JGhq0iMkcGXUKbFe7MpTA==
  dependencies:
    "@floating-ui/core" "^1.2.1"

"@lit-labs/react@^1.1.1":
  version "1.1.1"
  resolved "https://registry.yarnpkg.com/@lit-labs/react/-/react-1.1.1.tgz#88a4320d357dcdfd7c7e276f809e3453a124cbbc"
  integrity sha512-9TC+/ZWb6BJlWCyUr14FKFlaGnyKpeEDorufXozQgke/VoVrslUQNaL7nBmrAWdNrmzx5jWgi8lFmWwrxMjnlA==

"@lit-labs/ssr-dom-shim@^1.0.0":
  version "1.0.0"
  resolved "https://registry.yarnpkg.com/@lit-labs/ssr-dom-shim/-/ssr-dom-shim-1.0.0.tgz#427e19a2765681fd83411cd72c55ba80a01e0523"
  integrity sha512-ic93MBXfApIFTrup4a70M/+ddD8xdt2zxxj9sRwHQzhS9ag/syqkD8JPdTXsc1gUy2K8TTirhlCqyTEM/sifNw==

"@lit/reactive-element@^1.3.0", "@lit/reactive-element@^1.6.0":
  version "1.6.1"
  resolved "https://registry.yarnpkg.com/@lit/reactive-element/-/reactive-element-1.6.1.tgz#0d958b6d479d0e3db5fc1132ecc4fa84be3f0b93"
  integrity sha512-va15kYZr7KZNNPZdxONGQzpUr+4sxVu7V/VG7a8mRfPPXUyhEYj5RzXCQmGrlP3tAh0L3HHm5AjBMFYRqlM9SA==
  dependencies:
    "@lit-labs/ssr-dom-shim" "^1.0.0"

"@shoelace-style/animations@^1.1.0":
  version "1.1.0"
  resolved "https://registry.yarnpkg.com/@shoelace-style/animations/-/animations-1.1.0.tgz#17539abafd6dcbf2a79e089e1593175e9f7835b5"
  integrity sha512-Be+cahtZyI2dPKRm8EZSx3YJQ+jLvEcn3xzRP7tM4tqBnvd/eW/64Xh0iOf0t2w5P8iJKfdBbpVNE9naCaOf2g==

"@shoelace-style/localize@^3.1.0":
  version "3.1.0"
  resolved "https://registry.yarnpkg.com/@shoelace-style/localize/-/localize-3.1.0.tgz#69eae2f6f6f3176af81578396aa237add9df5309"
  integrity sha512-evGxn5wIQh1/Ks1RbZm7rY4DxPKAUnXKTixZNgnYV/N2V8Bbbvsi+S14gNa42SQNUJK5WooNtlar2B8cehEwZQ==

"@shoelace-style/shoelace@^2.3.0":
  version "2.3.0"
  resolved "https://registry.yarnpkg.com/@shoelace-style/shoelace/-/shoelace-2.3.0.tgz#98eebb1fa9c59da43d95c47478918ca99e1b8900"
  integrity sha512-8MhHTLoNTYUl2pmd/oxbY2LSDmikL3K1oM84Mp2lbmY0yihT6V51f1bnI/48jHxibBYzq8JKgDiWwLWdPcZR2A==
  dependencies:
    "@ctrl/tinycolor" "^3.5.0"
    "@floating-ui/dom" "^1.2.1"
    "@lit-labs/react" "^1.1.1"
    "@shoelace-style/animations" "^1.1.0"
    "@shoelace-style/localize" "^3.1.0"
    composed-offset-position "^0.0.4"
    lit "^2.6.1"
    qr-creator "^1.0.0"

"@types/trusted-types@^2.0.2":
  version "2.0.3"
  resolved "https://registry.yarnpkg.com/@types/trusted-types/-/trusted-types-2.0.3.tgz#a136f83b0758698df454e328759dbd3d44555311"
  integrity sha512-NfQ4gyz38SL8sDNrSixxU2Os1a5xcdFxipAFxYEuLUlvU2uDwS4NUpsImcf1//SlWItCVMMLiylsxbmNMToV/g==

composed-offset-position@^0.0.4:
  version "0.0.4"
  resolved "https://registry.yarnpkg.com/composed-offset-position/-/composed-offset-position-0.0.4.tgz#ca8854abf15e3c235ecf4df125a27fe88af76ea4"
  integrity sha512-vMlvu1RuNegVE0YsCDSV/X4X10j56mq7PCIyOKK74FxkXzGLwhOUmdkJLSdOBOMwWycobGUMgft2lp+YgTe8hw==

lit-element@^3.2.0:
  version "3.2.2"
  resolved "https://registry.yarnpkg.com/lit-element/-/lit-element-3.2.2.tgz#d148ab6bf4c53a33f707a5168e087725499e5f2b"
  integrity sha512-6ZgxBR9KNroqKb6+htkyBwD90XGRiqKDHVrW/Eh0EZ+l+iC+u+v+w3/BA5NGi4nizAVHGYvQBHUDuSmLjPp7NQ==
  dependencies:
    "@lit/reactive-element" "^1.3.0"
    lit-html "^2.2.0"

lit-html@^2.2.0, lit-html@^2.6.0:
  version "2.6.1"
  resolved "https://registry.yarnpkg.com/lit-html/-/lit-html-2.6.1.tgz#eb29f0b0c2ab54ea77379db11fc011b0c71f1cda"
  integrity sha512-Z3iw+E+3KKFn9t2YKNjsXNEu/LRLI98mtH/C6lnFg7kvaqPIzPn124Yd4eT/43lyqrejpc5Wb6BHq3fdv4S8Rw==
  dependencies:
    "@types/trusted-types" "^2.0.2"

lit@^2.6.1:
  version "2.6.1"
  resolved "https://registry.yarnpkg.com/lit/-/lit-2.6.1.tgz#5951a2098b9bde5b328c73b55c15fdc0eefd96d7"
  integrity sha512-DT87LD64f8acR7uVp7kZfhLRrHkfC/N4BVzAtnw9Yg8087mbBJ//qedwdwX0kzDbxgPccWRW6mFwGbRQIxy0pw==
  dependencies:
    "@lit/reactive-element" "^1.6.0"
    lit-element "^3.2.0"
    lit-html "^2.6.0"

qr-creator@^1.0.0:
  version "1.0.0"
  resolved "https://registry.yarnpkg.com/qr-creator/-/qr-creator-1.0.0.tgz#f350a8f0b5be02bd1fc1ef133a038a06ef8bc5ef"
  integrity sha512-C0cqfbS1P5hfqN4NhsYsUXePlk9BO+a45bAQ3xLYjBL3bOIFzoVEjs79Fado9u9BPBD3buHi3+vY+C8tHh4qMQ==
