# THIS IS AN AUTOGENERATED FILE. DO NOT EDIT THIS FILE DIRECTLY.
# yarn lockfile v1


"@ctrl/tinycolor@^3.5.0":
  version "3.5.0"
  resolved "https://registry.yarnpkg.com/@ctrl/tinycolor/-/tinycolor-3.5.0.tgz#6e52b3d1c38d13130101771821e09cdd414a16bc"
  integrity sha512-tlJpwF40DEQcfR/QF+wNMVyGMaO9FQp6Z1Wahj4Gk3CJQYHwA2xVG7iKDFdW6zuxZY9XWOpGcfNCTsX4McOsOg==

"@floating-ui/core@^1.2.0":
  version "1.2.0"
  resolved "https://registry.yarnpkg.com/@floating-ui/core/-/core-1.2.0.tgz#ae7ae7923d41f3d84cb2fd88740a89436610bbec"
  integrity sha512-GHUXPEhMEmTpnpIfesFA2KAoMJPb1SPQw964tToQwt+BbGXdhqTCWT1rOb0VURGylsxsYxiGMnseJ3IlclVpVA==

"@floating-ui/dom@^1.1.0":
  version "1.2.0"
  resolved "https://registry.yarnpkg.com/@floating-ui/dom/-/dom-1.2.0.tgz#a60212069cc58961c478037c30eba4b191c75316"
  integrity sha512-QXzg57o1cjLz3cGETzKXjI3kx1xyS49DW9l7kV2jw2c8Yftd434t2hllX0sVGn2Q8MtcW/4pNm8bfE1/4n6mng==
  dependencies:
    "@floating-ui/core" "^1.2.0"

"@lit-labs/react@^1.1.1":
  version "1.1.1"
  resolved "https://registry.yarnpkg.com/@lit-labs/react/-/react-1.1.1.tgz#88a4320d357dcdfd7c7e276f809e3453a124cbbc"
  integrity sha512-9TC+/ZWb6BJlWCyUr14FKFlaGnyKpeEDorufXozQgke/VoVrslUQNaL7nBmrAWdNrmzx5jWgi8lFmWwrxMjnlA==

"@lit-labs/ssr-dom-shim@^1.0.0":
  version "1.0.0"
  resolved "https://registry.yarnpkg.com/@lit-labs/ssr-dom-shim/-/ssr-dom-shim-1.0.0.tgz#427e19a2765681fd83411cd72c55ba80a01e0523"
  integrity sha512-ic93MBXfApIFTrup4a70M/+ddD8xdt2zxxj9sRwHQzhS9ag/syqkD8JPdTXsc1gUy2K8TTirhlCqyTEM/sifNw==

"@lit/reactive-element@^1.3.0", "@lit/reactive-element@^1.6.0":
  version "1.6.0"
  resolved "https://registry.yarnpkg.com/@lit/reactive-element/-/reactive-element-1.6.0.tgz#7504988fc3d7895c032f035eca23f0697b472e59"
  integrity sha512-33H04h4tx9NVEADti0haZTNxssCnqZlMlyjri5k9kwDWAe2W1iENroZt7VWwmsPhlWUD8sSoPXSHqd0DdL29Pw==
  dependencies:
    "@lit-labs/ssr-dom-shim" "^1.0.0"

"@shoelace-style/animations@^1.1.0":
  version "1.1.0"
  resolved "https://registry.yarnpkg.com/@shoelace-style/animations/-/animations-1.1.0.tgz#17539abafd6dcbf2a79e089e1593175e9f7835b5"
  integrity sha512-Be+cahtZyI2dPKRm8EZSx3YJQ+jLvEcn3xzRP7tM4tqBnvd/eW/64Xh0iOf0t2w5P8iJKfdBbpVNE9naCaOf2g==

"@shoelace-style/localize@^3.0.4":
  version "3.0.4"
  resolved "https://registry.yarnpkg.com/@shoelace-style/localize/-/localize-3.0.4.tgz#e2b71e077f34deff01eca08ef63c49e70e2a2852"
  integrity sha512-HFY90KD+b1Td2otSBryCOpQjBEArIwlV6Tv4J4rC/E/D5wof2eLF6JUVrbiRNn8GRmwATe4YDAEK7NUD08xO1w==

"@shoelace-style/shoelace@^2.0.0":
  version "2.0.0"
  resolved "https://registry.yarnpkg.com/@shoelace-style/shoelace/-/shoelace-2.0.0.tgz#f89fbf168ede60fbe60882a5a2c90df711db44c5"
  integrity sha512-2pTXOUlU9CZcsr1hkac9G4RNR0TTNj1rfxLqcNZ1GKtd94BL7NgYp6EHMyVnGzTN+iaLfJVVIFTiLGXIA6SwnQ==
  dependencies:
    "@ctrl/tinycolor" "^3.5.0"
    "@floating-ui/dom" "^1.1.0"
    "@lit-labs/react" "^1.1.1"
    "@shoelace-style/animations" "^1.1.0"
    "@shoelace-style/localize" "^3.0.4"
    lit "^2.6.1"
    qr-creator "^1.0.0"

"@types/trusted-types@^2.0.2":
  version "2.0.2"
  resolved "https://registry.yarnpkg.com/@types/trusted-types/-/trusted-types-2.0.2.tgz#fc25ad9943bcac11cceb8168db4f275e0e72e756"
  integrity sha512-F5DIZ36YVLE+PN+Zwws4kJogq47hNgX3Nx6WyDJ3kcplxyke3XIzB8uK5n/Lpm1HBsbGzd6nmGehL8cPekP+Tg==

lit-element@^3.2.0:
  version "3.2.2"
  resolved "https://registry.yarnpkg.com/lit-element/-/lit-element-3.2.2.tgz#d148ab6bf4c53a33f707a5168e087725499e5f2b"
  integrity sha512-6ZgxBR9KNroqKb6+htkyBwD90XGRiqKDHVrW/Eh0EZ+l+iC+u+v+w3/BA5NGi4nizAVHGYvQBHUDuSmLjPp7NQ==
  dependencies:
    "@lit/reactive-element" "^1.3.0"
    lit-html "^2.2.0"

lit-html@^2.2.0, lit-html@^2.6.0:
  version "2.6.0"
  resolved "https://registry.yarnpkg.com/lit-html/-/lit-html-2.6.0.tgz#85ef3f0b76c58b70a43c545c02a302b83ee1dbd0"
  integrity sha512-slNAAYfvC7LxeryDOnPFl5uTpxGYGJ6UR9SFmfY+gQ+sf30z1atDPXlgjcSTtwymNdlwDhfGjq+EemQRXp9z1g==
  dependencies:
    "@types/trusted-types" "^2.0.2"

lit@^2.6.1:
  version "2.6.1"
  resolved "https://registry.yarnpkg.com/lit/-/lit-2.6.1.tgz#5951a2098b9bde5b328c73b55c15fdc0eefd96d7"
  integrity sha512-DT87LD64f8acR7uVp7kZfhLRrHkfC/N4BVzAtnw9Yg8087mbBJ//qedwdwX0kzDbxgPccWRW6mFwGbRQIxy0pw==
  dependencies:
    "@lit/reactive-element" "^1.6.0"
    lit-element "^3.2.0"
    lit-html "^2.6.0"

qr-creator@^1.0.0:
  version "1.0.0"
  resolved "https://registry.yarnpkg.com/qr-creator/-/qr-creator-1.0.0.tgz#f350a8f0b5be02bd1fc1ef133a038a06ef8bc5ef"
  integrity sha512-C0cqfbS1P5hfqN4NhsYsUXePlk9BO+a45bAQ3xLYjBL3bOIFzoVEjs79Fado9u9BPBD3buHi3+vY+C8tHh4qMQ==
