{
    "_readme": [
        "This file locks the dependencies of your project to a known state",
        "Read more about it at https://getcomposer.org/doc/01-basic-usage.md#installing-dependencies",
        "This file is @generated automatically"
    ],
    "content-hash": "749cf98c419b7c5224fccc96887666c3",
    "packages": [
        {
            "name": "splitbrain/php-archive",
            "version": "1.4.1",
            "source": {
                "type": "git",
                "url": "https://github.com/splitbrain/php-archive.git",
                "reference": "e45d0d9247742490ea87afc6c026f211424999c8"
            },
            "dist": {
                "type": "zip",
                "url": "https://api.github.com/repos/splitbrain/php-archive/zipball/e45d0d9247742490ea87afc6c026f211424999c8",
                "reference": "e45d0d9247742490ea87afc6c026f211424999c8",
                "shasum": ""
            },
            "require": {
                "php": ">=7.0"
            },
            "require-dev": {
                "ext-bz2": "*",
                "ext-zip": "*",
                "mikey179/vfsstream": "^1.6",
                "phpunit/phpunit": "^8"
            },
            "suggest": {
                "ext-bz2": "For bz2 compression",
                "ext-iconv": "Used for proper filename encode handling",
                "ext-mbstring": "Can be used alternatively for handling filename encoding",
                "ext-zlib": "For zlib compression"
            },
            "type": "library",
            "autoload": {
                "psr-4": {
                    "splitbrain\\PHPArchive\\": "src"
                }
            },
            "notification-url": "https://packagist.org/downloads/",
            "license": [
                "MIT"
            ],
            "authors": [
                {
                    "name": "Andreas Gohr",
                    "email": "andi@splitbrain.org"
                }
            ],
            "description": "Pure-PHP implementation to read and write TAR and ZIP archives",
            "keywords": [
                "archive",
                "extract",
                "tar",
                "unpack",
                "unzip",
                "zip"
            ],
            "support": {
                "issues": "https://github.com/splitbrain/php-archive/issues",
                "source": "https://github.com/splitbrain/php-archive/tree/1.4.1"
            },
            "funding": [
                {
                    "url": "https://github.com/sponsors/splitbrain",
                    "type": "github"
                }
            ],
            "time": "2025-08-01T08:09:37+00:00"
        }
    ],
    "packages-dev": [],
    "aliases": [],
    "minimum-stability": "stable",
    "stability-flags": {},
    "prefer-stable": false,
    "prefer-lowest": false,
    "platform": {},
    "platform-dev": {},
    "platform-overrides": {
        "php": "8.1.13"
    },
    "plugin-api-version": "2.6.0"
}
