{
    "_readme": [
        "This file locks the dependencies of your project to a known state",
        "Read more about it at https://getcomposer.org/doc/01-basic-usage.md#installing-dependencies",
        "This file is @generated automatically"
    ],
    "content-hash": "086a8fff666b28fd83a983386bc55540",
    "packages": [
        {
            "name": "itsgoingd/clockwork",
            "version": "v5.1.5",
            "source": {
                "type": "git",
                "url": "https://github.com/itsgoingd/clockwork.git",
                "reference": "6a7b3942224fa53cf3704d9adba636e1f3dfeb9a"
            },
            "dist": {
                "type": "zip",
                "url": "https://api.github.com/repos/itsgoingd/clockwork/zipball/6a7b3942224fa53cf3704d9adba636e1f3dfeb9a",
                "reference": "6a7b3942224fa53cf3704d9adba636e1f3dfeb9a",
                "shasum": ""
            },
            "require": {
                "ext-json": "*",
                "php": ">=5.6"
            },
            "type": "library",
            "extra": {
                "laravel": {
                    "providers": [
                        "Clockwork\\Support\\Laravel\\ClockworkServiceProvider"
                    ],
                    "aliases": {
                        "Clockwork": "Clockwork\\Support\\Laravel\\Facade"
                    }
                }
            },
            "autoload": {
                "psr-4": {
                    "Clockwork\\": "Clockwork/"
                }
            },
            "notification-url": "https://packagist.org/downloads/",
            "license": [
                "MIT"
            ],
            "authors": [
                {
                    "name": "itsgoingd",
                    "email": "itsgoingd@luzer.sk",
                    "homepage": "https://twitter.com/itsgoingd"
                }
            ],
            "description": "php dev tools in your browser",
            "homepage": "https://underground.works/clockwork",
            "keywords": [
                "Devtools",
                "debugging",
                "laravel",
                "logging",
                "lumen",
                "profiling",
                "slim"
            ],
            "support": {
                "issues": "https://github.com/itsgoingd/clockwork/issues",
                "source": "https://github.com/itsgoingd/clockwork/tree/v5.1.5"
            },
            "funding": [
                {
                    "url": "https://github.com/itsgoingd",
                    "type": "github"
                }
            ],
            "time": "2022-02-13T22:57:42+00:00"
        }
    ],
    "packages-dev": [],
    "aliases": [],
    "minimum-stability": "stable",
    "stability-flags": [],
    "prefer-stable": false,
    "prefer-lowest": false,
    "platform": [],
    "platform-dev": [],
    "platform-overrides": {
        "php": "7.3.0"
    },
    "plugin-api-version": "2.2.0"
}
